
Microsoft Visual Studio Solution File, Format Version 12.00
# Visual Studio Version 17
VisualStudioVersion = 17.2.32630.192
MinimumVisualStudioVersion = 10.0.40219.1
Project("{FAE04EC0-301F-11D3-BF4B-00C04F79EFBC}") = "AFALXCourse", "AFALXCourse\AFALXCourse.csproj", "{6DC72B4A-42EF-4D93-BA67-8F0F7F01268E}"
EndProject
Global
	GlobalSection(SolutionConfigurationPlatforms) = preSolution
		Debug|Any CPU = Debug|Any CPU
		Release|Any CPU = Release|Any CPU
	EndGlobalSection
	GlobalSection(ProjectConfigurationPlatforms) = postSolution
		{6DC72B4A-42EF-4D93-BA67-8F0F7F01268E}.Debug|Any CPU.ActiveCfg = Debug|Any CPU
		{6DC72B4A-42EF-4D93-BA67-8F0F7F01268E}.Debug|Any CPU.Build.0 = Debug|Any CPU
		{6DC72B4A-42EF-4D93-BA67-8F0F7F01268E}.Release|Any CPU.ActiveCfg = Release|Any CPU
		{6DC72B4A-42EF-4D93-BA67-8F0F7F01268E}.Release|Any CPU.Build.0 = Release|Any CPU
	EndGlobalSection
	GlobalSection(SolutionProperties) = preSolution
		HideSolutionNode = FALSE
	EndGlobalSection
	GlobalSection(ExtensibilityGlobals) = postSolution
		SolutionGuid = {C6F43661-1260-47E1-B01E-7B79D229A933}
	EndGlobalSection
EndGlobal
